
Microsoft Visual Studio Solution File, Format Version 12.00
# Visual Studio Version 16
VisualStudioVersion = 16.0.30907.101
MinimumVisualStudioVersion = 10.0.40219.1
Project("{00D1A9C2-B5F0-4AF3-8072-F6C62B433612}") = "CapstoneDemoDatabase", "CapstoneDemoDatabase.sqlproj", "{1AB2272A-F1A1-4D03-A66E-005998C6DF1A}"
EndProject
Project("{FAE04EC0-301F-11D3-BF4B-00C04F79EFBC}") = "CapstoneWebsiteDemo", "..\CapstoneWebsiteDemo\CapstoneWebsiteDemo.csproj", "{8E8A7C4E-A5D3-4413-B91D-AC4B13D0750B}"
EndProject
Project("{FAE04EC0-301F-11D3-BF4B-00C04F79EFBC}") = "SharedLibraryDemo", "..\SharedLibraryDemo\SharedLibraryDemo.csproj", "{092D0520-7BE5-4211-B18C-FC2F087B4F99}"
EndProject
Project("{FAE04EC0-301F-11D3-BF4B-00C04F79EFBC}") = "WPFdemo", "..\WPFdemo\WPFdemo.csproj", "{CA645D20-727C-4B15-B983-D2786E0519CD}"
EndProject
Global
	GlobalSection(SolutionConfigurationPlatforms) = preSolution
		Debug|Any CPU = Debug|Any CPU
		Debug|ARM = Debug|ARM
		Debug|ARM64 = Debug|ARM64
		Debug|x64 = Debug|x64
		Debug|x86 = Debug|x86
		Release|Any CPU = Release|Any CPU
		Release|ARM = Release|ARM
		Release|ARM64 = Release|ARM64
		Release|x64 = Release|x64
		Release|x86 = Release|x86
	EndGlobalSection
	GlobalSection(ProjectConfigurationPlatforms) = postSolution
		{1AB2272A-F1A1-4D03-A66E-005998C6DF1A}.Debug|Any CPU.ActiveCfg = Debug|Any CPU
		{1AB2272A-F1A1-4D03-A66E-005998C6DF1A}.Debug|Any CPU.Build.0 = Debug|Any CPU
		{1AB2272A-F1A1-4D03-A66E-005998C6DF1A}.Debug|Any CPU.Deploy.0 = Debug|Any CPU
		{1AB2272A-F1A1-4D03-A66E-005998C6DF1A}.Debug|ARM.ActiveCfg = Debug|Any CPU
		{1AB2272A-F1A1-4D03-A66E-005998C6DF1A}.Debug|ARM.Build.0 = Debug|Any CPU
		{1AB2272A-F1A1-4D03-A66E-005998C6DF1A}.Debug|ARM.Deploy.0 = Debug|Any CPU
		{1AB2272A-F1A1-4D03-A66E-005998C6DF1A}.Debug|ARM64.ActiveCfg = Debug|Any CPU
		{1AB2272A-F1A1-4D03-A66E-005998C6DF1A}.Debug|ARM64.Build.0 = Debug|Any CPU
		{1AB2272A-F1A1-4D03-A66E-005998C6DF1A}.Debug|ARM64.Deploy.0 = Debug|Any CPU
		{1AB2272A-F1A1-4D03-A66E-005998C6DF1A}.Debug|x64.ActiveCfg = Debug|Any CPU
		{1AB2272A-F1A1-4D03-A66E-005998C6DF1A}.Debug|x64.Build.0 = Debug|Any CPU
		{1AB2272A-F1A1-4D03-A66E-005998C6DF1A}.Debug|x64.Deploy.0 = Debug|Any CPU
		{1AB2272A-F1A1-4D03-A66E-005998C6DF1A}.Debug|x86.ActiveCfg = Debug|Any CPU
		{1AB2272A-F1A1-4D03-A66E-005998C6DF1A}.Debug|x86.Build.0 = Debug|Any CPU
		{1AB2272A-F1A1-4D03-A66E-005998C6DF1A}.Debug|x86.Deploy.0 = Debug|Any CPU
		{1AB2272A-F1A1-4D03-A66E-005998C6DF1A}.Release|Any CPU.ActiveCfg = Release|Any CPU
		{1AB2272A-F1A1-4D03-A66E-005998C6DF1A}.Release|Any CPU.Build.0 = Release|Any CPU
		{1AB2272A-F1A1-4D03-A66E-005998C6DF1A}.Release|Any CPU.Deploy.0 = Release|Any CPU
		{1AB2272A-F1A1-4D03-A66E-005998C6DF1A}.Release|ARM.ActiveCfg = Release|Any CPU
		{1AB2272A-F1A1-4D03-A66E-005998C6DF1A}.Release|ARM.Build.0 = Release|Any CPU
		{1AB2272A-F1A1-4D03-A66E-005998C6DF1A}.Release|ARM.Deploy.0 = Release|Any CPU
		{1AB2272A-F1A1-4D03-A66E-005998C6DF1A}.Release|ARM64.ActiveCfg = Release|Any CPU
		{1AB2272A-F1A1-4D03-A66E-005998C6DF1A}.Release|ARM64.Build.0 = Release|Any CPU
		{1AB2272A-F1A1-4D03-A66E-005998C6DF1A}.Release|ARM64.Deploy.0 = Release|Any CPU
		{1AB2272A-F1A1-4D03-A66E-005998C6DF1A}.Release|x64.ActiveCfg = Release|Any CPU
		{1AB2272A-F1A1-4D03-A66E-005998C6DF1A}.Release|x64.Build.0 = Release|Any CPU
		{1AB2272A-F1A1-4D03-A66E-005998C6DF1A}.Release|x64.Deploy.0 = Release|Any CPU
		{1AB2272A-F1A1-4D03-A66E-005998C6DF1A}.Release|x86.ActiveCfg = Release|Any CPU
		{1AB2272A-F1A1-4D03-A66E-005998C6DF1A}.Release|x86.Build.0 = Release|Any CPU
		{1AB2272A-F1A1-4D03-A66E-005998C6DF1A}.Release|x86.Deploy.0 = Release|Any CPU
		{8E8A7C4E-A5D3-4413-B91D-AC4B13D0750B}.Debug|Any CPU.ActiveCfg = Debug|Any CPU
		{8E8A7C4E-A5D3-4413-B91D-AC4B13D0750B}.Debug|Any CPU.Build.0 = Debug|Any CPU
		{8E8A7C4E-A5D3-4413-B91D-AC4B13D0750B}.Debug|ARM.ActiveCfg = Debug|Any CPU
		{8E8A7C4E-A5D3-4413-B91D-AC4B13D0750B}.Debug|ARM.Build.0 = Debug|Any CPU
		{8E8A7C4E-A5D3-4413-B91D-AC4B13D0750B}.Debug|ARM64.ActiveCfg = Debug|Any CPU
		{8E8A7C4E-A5D3-4413-B91D-AC4B13D0750B}.Debug|ARM64.Build.0 = Debug|Any CPU
		{8E8A7C4E-A5D3-4413-B91D-AC4B13D0750B}.Debug|x64.ActiveCfg = Debug|Any CPU
		{8E8A7C4E-A5D3-4413-B91D-AC4B13D0750B}.Debug|x64.Build.0 = Debug|Any CPU
		{8E8A7C4E-A5D3-4413-B91D-AC4B13D0750B}.Debug|x86.ActiveCfg = Debug|Any CPU
		{8E8A7C4E-A5D3-4413-B91D-AC4B13D0750B}.Debug|x86.Build.0 = Debug|Any CPU
		{8E8A7C4E-A5D3-4413-B91D-AC4B13D0750B}.Release|Any CPU.ActiveCfg = Release|Any CPU
		{8E8A7C4E-A5D3-4413-B91D-AC4B13D0750B}.Release|Any CPU.Build.0 = Release|Any CPU
		{8E8A7C4E-A5D3-4413-B91D-AC4B13D0750B}.Release|ARM.ActiveCfg = Release|Any CPU
		{8E8A7C4E-A5D3-4413-B91D-AC4B13D0750B}.Release|ARM.Build.0 = Release|Any CPU
		{8E8A7C4E-A5D3-4413-B91D-AC4B13D0750B}.Release|ARM64.ActiveCfg = Release|Any CPU
		{8E8A7C4E-A5D3-4413-B91D-AC4B13D0750B}.Release|ARM64.Build.0 = Release|Any CPU
		{8E8A7C4E-A5D3-4413-B91D-AC4B13D0750B}.Release|x64.ActiveCfg = Release|Any CPU
		{8E8A7C4E-A5D3-4413-B91D-AC4B13D0750B}.Release|x64.Build.0 = Release|Any CPU
		{8E8A7C4E-A5D3-4413-B91D-AC4B13D0750B}.Release|x86.ActiveCfg = Release|Any CPU
		{8E8A7C4E-A5D3-4413-B91D-AC4B13D0750B}.Release|x86.Build.0 = Release|Any CPU
		{092D0520-7BE5-4211-B18C-FC2F087B4F99}.Debug|Any CPU.ActiveCfg = Debug|Any CPU
		{092D0520-7BE5-4211-B18C-FC2F087B4F99}.Debug|Any CPU.Build.0 = Debug|Any CPU
		{092D0520-7BE5-4211-B18C-FC2F087B4F99}.Debug|ARM.ActiveCfg = Debug|Any CPU
		{092D0520-7BE5-4211-B18C-FC2F087B4F99}.Debug|ARM.Build.0 = Debug|Any CPU
		{092D0520-7BE5-4211-B18C-FC2F087B4F99}.Debug|ARM64.ActiveCfg = Debug|Any CPU
		{092D0520-7BE5-4211-B18C-FC2F087B4F99}.Debug|ARM64.Build.0 = Debug|Any CPU
		{092D0520-7BE5-4211-B18C-FC2F087B4F99}.Debug|x64.ActiveCfg = Debug|Any CPU
		{092D0520-7BE5-4211-B18C-FC2F087B4F99}.Debug|x64.Build.0 = Debug|Any CPU
		{092D0520-7BE5-4211-B18C-FC2F087B4F99}.Debug|x86.ActiveCfg = Debug|Any CPU
		{092D0520-7BE5-4211-B18C-FC2F087B4F99}.Debug|x86.Build.0 = Debug|Any CPU
		{092D0520-7BE5-4211-B18C-FC2F087B4F99}.Release|Any CPU.ActiveCfg = Release|Any CPU
		{092D0520-7BE5-4211-B18C-FC2F087B4F99}.Release|Any CPU.Build.0 = Release|Any CPU
		{092D0520-7BE5-4211-B18C-FC2F087B4F99}.Release|ARM.ActiveCfg = Release|Any CPU
		{092D0520-7BE5-4211-B18C-FC2F087B4F99}.Release|ARM.Build.0 = Release|Any CPU
		{092D0520-7BE5-4211-B18C-FC2F087B4F99}.Release|ARM64.ActiveCfg = Release|Any CPU
		{092D0520-7BE5-4211-B18C-FC2F087B4F99}.Release|ARM64.Build.0 = Release|Any CPU
		{092D0520-7BE5-4211-B18C-FC2F087B4F99}.Release|x64.ActiveCfg = Release|Any CPU
		{092D0520-7BE5-4211-B18C-FC2F087B4F99}.Release|x64.Build.0 = Release|Any CPU
		{092D0520-7BE5-4211-B18C-FC2F087B4F99}.Release|x86.ActiveCfg = Release|Any CPU
		{092D0520-7BE5-4211-B18C-FC2F087B4F99}.Release|x86.Build.0 = Release|Any CPU
		{CA645D20-727C-4B15-B983-D2786E0519CD}.Debug|Any CPU.ActiveCfg = Debug|Any CPU
		{CA645D20-727C-4B15-B983-D2786E0519CD}.Debug|Any CPU.Build.0 = Debug|Any CPU
		{CA645D20-727C-4B15-B983-D2786E0519CD}.Debug|ARM.ActiveCfg = Debug|Any CPU
		{CA645D20-727C-4B15-B983-D2786E0519CD}.Debug|ARM.Build.0 = Debug|Any CPU
		{CA645D20-727C-4B15-B983-D2786E0519CD}.Debug|ARM64.ActiveCfg = Debug|Any CPU
		{CA645D20-727C-4B15-B983-D2786E0519CD}.Debug|ARM64.Build.0 = Debug|Any CPU
		{CA645D20-727C-4B15-B983-D2786E0519CD}.Debug|x64.ActiveCfg = Debug|Any CPU
		{CA645D20-727C-4B15-B983-D2786E0519CD}.Debug|x64.Build.0 = Debug|Any CPU
		{CA645D20-727C-4B15-B983-D2786E0519CD}.Debug|x86.ActiveCfg = Debug|Any CPU
		{CA645D20-727C-4B15-B983-D2786E0519CD}.Debug|x86.Build.0 = Debug|Any CPU
		{CA645D20-727C-4B15-B983-D2786E0519CD}.Release|Any CPU.ActiveCfg = Release|Any CPU
		{CA645D20-727C-4B15-B983-D2786E0519CD}.Release|Any CPU.Build.0 = Release|Any CPU
		{CA645D20-727C-4B15-B983-D2786E0519CD}.Release|ARM.ActiveCfg = Release|Any CPU
		{CA645D20-727C-4B15-B983-D2786E0519CD}.Release|ARM.Build.0 = Release|Any CPU
		{CA645D20-727C-4B15-B983-D2786E0519CD}.Release|ARM64.ActiveCfg = Release|Any CPU
		{CA645D20-727C-4B15-B983-D2786E0519CD}.Release|ARM64.Build.0 = Release|Any CPU
		{CA645D20-727C-4B15-B983-D2786E0519CD}.Release|x64.ActiveCfg = Release|Any CPU
		{CA645D20-727C-4B15-B983-D2786E0519CD}.Release|x64.Build.0 = Release|Any CPU
		{CA645D20-727C-4B15-B983-D2786E0519CD}.Release|x86.ActiveCfg = Release|Any CPU
		{CA645D20-727C-4B15-B983-D2786E0519CD}.Release|x86.Build.0 = Release|Any CPU
	EndGlobalSection
	GlobalSection(SolutionProperties) = preSolution
		HideSolutionNode = FALSE
	EndGlobalSection
	GlobalSection(ExtensibilityGlobals) = postSolution
		SolutionGuid = {A108DB4C-B2B9-4291-828E-201A186727AF}
	EndGlobalSection
EndGlobal
